
Microsoft Visual Studio Solution File, Format Version 12.00
# Visual Studio Version 17
VisualStudioVersion = 17.3.32929.385
MinimumVisualStudioVersion = 10.0.40219.1
Project("{FAE04EC0-301F-11D3-BF4B-00C04F79EFBC}") = "WarmKalt", "WarmKalt.csproj", "{0AC51AFD-D3D2-46AD-A0E4-669420623FC3}"
EndProject
Global
	GlobalSection(SolutionConfigurationPlatforms) = preSolution
		Debug|Any CPU = Debug|Any CPU
		Release|Any CPU = Release|Any CPU
	EndGlobalSection
	GlobalSection(ProjectConfigurationPlatforms) = postSolution
		{0AC51AFD-D3D2-46AD-A0E4-669420623FC3}.Debug|Any CPU.ActiveCfg = Debug|Any CPU
		{0AC51AFD-D3D2-46AD-A0E4-669420623FC3}.Debug|Any CPU.Build.0 = Debug|Any CPU
		{0AC51AFD-D3D2-46AD-A0E4-669420623FC3}.Release|Any CPU.ActiveCfg = Release|Any CPU
		{0AC51AFD-D3D2-46AD-A0E4-669420623FC3}.Release|Any CPU.Build.0 = Release|Any CPU
	EndGlobalSection
	GlobalSection(SolutionProperties) = preSolution
		HideSolutionNode = FALSE
	EndGlobalSection
	GlobalSection(ExtensibilityGlobals) = postSolution
		SolutionGuid = {0FF6CFAF-83BC-4686-A216-FAF4413FD313}
	EndGlobalSection
EndGlobal
